
Microsoft Visual Studio Solution File, Format Version 12.00
# Visual Studio Version 17
VisualStudioVersion = 17.14.36717.8 d17.14
MinimumVisualStudioVersion = 10.0.40219.1
Project("{FAE04EC0-301F-11D3-BF4B-00C04F79EFBC}") = "BookShopping", "BookShopping\BookShopping.csproj", "{70BFDB09-0279-418B-918F-EEF5B79B900E}"
EndProject
Global
	GlobalSection(SolutionConfigurationPlatforms) = preSolution
		Debug|Any CPU = Debug|Any CPU
		Release|Any CPU = Release|Any CPU
	EndGlobalSection
	GlobalSection(ProjectConfigurationPlatforms) = postSolution
		{70BFDB09-0279-418B-918F-EEF5B79B900E}.Debug|Any CPU.ActiveCfg = Debug|Any CPU
		{70BFDB09-0279-418B-918F-EEF5B79B900E}.Debug|Any CPU.Build.0 = Debug|Any CPU
		{70BFDB09-0279-418B-918F-EEF5B79B900E}.Release|Any CPU.ActiveCfg = Release|Any CPU
		{70BFDB09-0279-418B-918F-EEF5B79B900E}.Release|Any CPU.Build.0 = Release|Any CPU
	EndGlobalSection
	GlobalSection(SolutionProperties) = preSolution
		HideSolutionNode = FALSE
	EndGlobalSection
	GlobalSection(ExtensibilityGlobals) = postSolution
		SolutionGuid = {97E62E45-5793-4DB5-B04F-98A9957BE7F8}
	EndGlobalSection
EndGlobal
